
Microsoft Visual Studio Solution File, Format Version 12.00
# Visual Studio Version 16
VisualStudioVersion = 16.0.30523.141
MinimumVisualStudioVersion = 10.0.40219.1
Project("{FAE04EC0-301F-11D3-BF4B-00C04F79EFBC}") = "calc2", "calc2\calc2.csproj", "{8DC2A168-BAD2-4430-A7D7-0E649E68443B}"
EndProject
Global
	GlobalSection(SolutionConfigurationPlatforms) = preSolution
		Debug|Any CPU = Debug|Any CPU
		Release|Any CPU = Release|Any CPU
	EndGlobalSection
	GlobalSection(ProjectConfigurationPlatforms) = postSolution
		{8DC2A168-BAD2-4430-A7D7-0E649E68443B}.Debug|Any CPU.ActiveCfg = Debug|Any CPU
		{8DC2A168-BAD2-4430-A7D7-0E649E68443B}.Debug|Any CPU.Build.0 = Debug|Any CPU
		{8DC2A168-BAD2-4430-A7D7-0E649E68443B}.Release|Any CPU.ActiveCfg = Release|Any CPU
		{8DC2A168-BAD2-4430-A7D7-0E649E68443B}.Release|Any CPU.Build.0 = Release|Any CPU
	EndGlobalSection
	GlobalSection(SolutionProperties) = preSolution
		HideSolutionNode = FALSE
	EndGlobalSection
	GlobalSection(ExtensibilityGlobals) = postSolution
		SolutionGuid = {09D2424B-1A51-4E0C-97EE-38EB97C1F36E}
	EndGlobalSection
EndGlobal
